
Microsoft Visual Studio Solution File, Format Version 12.00
# Visual Studio 15
VisualStudioVersion = 15.0.27004.2009
MinimumVisualStudioVersion = 10.0.40219.1
Project("{FAE04EC0-301F-11D3-BF4B-00C04F79EFBC}") = "App", "App.csproj", "{A6EA3C56-ED14-4566-9D2F-6A58AEEB4AD8}"
EndProject
Project("{FAE04EC0-301F-11D3-BF4B-00C04F79EFBC}") = "Test", "Test\Test.csproj", "{1CE453AC-E690-45C0-A31A-5D489221AC59}"
EndProject
Project("{FAE04EC0-301F-11D3-BF4B-00C04F79EFBC}") = "Server", "Server\Server.csproj", "{B08429F5-3BC2-4B62-A80B-1F815CAA90F8}"
EndProject
Global
	GlobalSection(SolutionConfigurationPlatforms) = preSolution
		Debug|Any CPU = Debug|Any CPU
		Release|Any CPU = Release|Any CPU
	EndGlobalSection
	GlobalSection(ProjectConfigurationPlatforms) = postSolution
		{A6EA3C56-ED14-4566-9D2F-6A58AEEB4AD8}.Debug|Any CPU.ActiveCfg = Debug|Any CPU
		{A6EA3C56-ED14-4566-9D2F-6A58AEEB4AD8}.Debug|Any CPU.Build.0 = Debug|Any CPU
		{A6EA3C56-ED14-4566-9D2F-6A58AEEB4AD8}.Release|Any CPU.ActiveCfg = Release|Any CPU
		{A6EA3C56-ED14-4566-9D2F-6A58AEEB4AD8}.Release|Any CPU.Build.0 = Release|Any CPU
		{1CE453AC-E690-45C0-A31A-5D489221AC59}.Debug|Any CPU.ActiveCfg = Debug|Any CPU
		{1CE453AC-E690-45C0-A31A-5D489221AC59}.Debug|Any CPU.Build.0 = Debug|Any CPU
		{1CE453AC-E690-45C0-A31A-5D489221AC59}.Release|Any CPU.ActiveCfg = Release|Any CPU
		{1CE453AC-E690-45C0-A31A-5D489221AC59}.Release|Any CPU.Build.0 = Release|Any CPU
		{B08429F5-3BC2-4B62-A80B-1F815CAA90F8}.Debug|Any CPU.ActiveCfg = Debug|Any CPU
		{B08429F5-3BC2-4B62-A80B-1F815CAA90F8}.Debug|Any CPU.Build.0 = Debug|Any CPU
		{B08429F5-3BC2-4B62-A80B-1F815CAA90F8}.Release|Any CPU.ActiveCfg = Release|Any CPU
		{B08429F5-3BC2-4B62-A80B-1F815CAA90F8}.Release|Any CPU.Build.0 = Release|Any CPU
	EndGlobalSection
	GlobalSection(SolutionProperties) = preSolution
		HideSolutionNode = FALSE
	EndGlobalSection
	GlobalSection(ExtensibilityGlobals) = postSolution
		SolutionGuid = {64DBDAE6-49A9-4B97-B6CB-D560686F19B3}
	EndGlobalSection
EndGlobal
